// !$*UTF8*$!
{
	archiveVersion = 1;
	classes = {
	};
	objectVersion = 50;
	objects = {

/* Begin PBXBuildFile section */
		FE61908826CAA80D00B4D697 /* LamaApp.swift in Sources */ = {isa = PBXBuildFile; fileRef = FE61908726CAA80D00B4D697 /* LamaApp.swift */; };
		FE61908A26CAA80D00B4D697 /* ContentView.swift in Sources */ = {isa = PBXBuildFile; fileRef = FE61908926CAA80D00B4D697 /* ContentView.swift */; };
		FE61908C26CAA80E00B4D697 /* Assets.xcassets in Resources */ = {isa = PBXBuildFile; fileRef = FE61908B26CAA80E00B4D697 /* Assets.xcassets */; };
		FE61908F26CAA80E00B4D697 /* Preview Assets.xcassets in Resources */ = {isa = PBXBuildFile; fileRef = FE61908E26CAA80E00B4D697 /* Preview Assets.xcassets */; };
		FE61909126CAA80E00B4D697 /* Persistence.swift in Sources */ = {isa = PBXBuildFile; fileRef = FE61909026CAA80E00B4D697 /* Persistence.swift */; };
		FE61909426CAA80E00B4D697 /* Lama.xcdatamodeld in Sources */ = {isa = PBXBuildFile; fileRef = FE61909226CAA80E00B4D697 /* Lama.xcdatamodeld */; };
		FE61909F26CAA80E00B4D697 /* LamaTests.swift in Sources */ = {isa = PBXBuildFile; fileRef = FE61909E26CAA80E00B4D697 /* LamaTests.swift */; };
		FE6190AA26CAA80E00B4D697 /* LamaUITests.swift in Sources */ = {isa = PBXBuildFile; fileRef = FE6190A926CAA80E00B4D697 /* LamaUITests.swift */; };
		FEB03DD32701911B00015525 /* LoginView.swift in Sources */ = {isa = PBXBuildFile; fileRef = FEB03DD22701911B00015525 /* LoginView.swift */; };
		FEB03DD62701915500015525 /* HttpClient.swift in Sources */ = {isa = PBXBuildFile; fileRef = FEB03DD52701915500015525 /* HttpClient.swift */; };
		FEB03DDA2701959700015525 /* LoginRequest.swift in Sources */ = {isa = PBXBuildFile; fileRef = FEB03DD92701959700015525 /* LoginRequest.swift */; };
/* End PBXBuildFile section */

/* Begin PBXContainerItemProxy section */
		FE61909B26CAA80E00B4D697 /* PBXContainerItemProxy */ = {
			isa = PBXContainerItemProxy;
			containerPortal = FE61907C26CAA80C00B4D697 /* Project object */;
			proxyType = 1;
			remoteGlobalIDString = FE61908326CAA80D00B4D697;
			remoteInfo = Lama;
		};
		FE6190A626CAA80E00B4D697 /* PBXContainerItemProxy */ = {
			isa = PBXContainerItemProxy;
			containerPortal = FE61907C26CAA80C00B4D697 /* Project object */;
			proxyType = 1;
			remoteGlobalIDString = FE61908326CAA80D00B4D697;
			remoteInfo = Lama;
		};
/* End PBXContainerItemProxy section */

/* Begin PBXFileReference section */
		FE61908426CAA80D00B4D697 /* Lama.app */ = {isa = PBXFileReference; explicitFileType = wrapper.application; includeInIndex = 0; path = Lama.app; sourceTree = BUILT_PRODUCTS_DIR; };
		FE61908726CAA80D00B4D697 /* LamaApp.swift */ = {isa = PBXFileReference; lastKnownFileType = sourcecode.swift; path = LamaApp.swift; sourceTree = "<group>"; };
		FE61908926CAA80D00B4D697 /* ContentView.swift */ = {isa = PBXFileReference; lastKnownFileType = sourcecode.swift; path = ContentView.swift; sourceTree = "<group>"; };
		FE61908B26CAA80E00B4D697 /* Assets.xcassets */ = {isa = PBXFileReference; lastKnownFileType = folder.assetcatalog; path = Assets.xcassets; sourceTree = "<group>"; };
		FE61908E26CAA80E00B4D697 /* Preview Assets.xcassets */ = {isa = PBXFileReference; lastKnownFileType = folder.assetcatalog; path = "Preview Assets.xcassets"; sourceTree = "<group>"; };
		FE61909026CAA80E00B4D697 /* Persistence.swift */ = {isa = PBXFileReference; lastKnownFileType = sourcecode.swift; path = Persistence.swift; sourceTree = "<group>"; };
		FE61909326CAA80E00B4D697 /* Lama.xcdatamodel */ = {isa = PBXFileReference; lastKnownFileType = wrapper.xcdatamodel; path = Lama.xcdatamodel; sourceTree = "<group>"; };
		FE61909526CAA80E00B4D697 /* Info.plist */ = {isa = PBXFileReference; lastKnownFileType = text.plist.xml; path = Info.plist; sourceTree = "<group>"; };
		FE61909A26CAA80E00B4D697 /* LamaTests.xctest */ = {isa = PBXFileReference; explicitFileType = wrapper.cfbundle; includeInIndex = 0; path = LamaTests.xctest; sourceTree = BUILT_PRODUCTS_DIR; };
		FE61909E26CAA80E00B4D697 /* LamaTests.swift */ = {isa = PBXFileReference; lastKnownFileType = sourcecode.swift; path = LamaTests.swift; sourceTree = "<group>"; };
		FE6190A026CAA80E00B4D697 /* Info.plist */ = {isa = PBXFileReference; lastKnownFileType = text.plist.xml; path = Info.plist; sourceTree = "<group>"; };
		FE6190A526CAA80E00B4D697 /* LamaUITests.xctest */ = {isa = PBXFileReference; explicitFileType = wrapper.cfbundle; includeInIndex = 0; path = LamaUITests.xctest; sourceTree = BUILT_PRODUCTS_DIR; };
		FE6190A926CAA80E00B4D697 /* LamaUITests.swift */ = {isa = PBXFileReference; lastKnownFileType = sourcecode.swift; path = LamaUITests.swift; sourceTree = "<group>"; };
		FE6190AB26CAA80E00B4D697 /* Info.plist */ = {isa = PBXFileReference; lastKnownFileType = text.plist.xml; path = Info.plist; sourceTree = "<group>"; };
		FEB03DD22701911B00015525 /* LoginView.swift */ = {isa = PBXFileReference; lastKnownFileType = sourcecode.swift; path = LoginView.swift; sourceTree = "<group>"; };
		FEB03DD52701915500015525 /* HttpClient.swift */ = {isa = PBXFileReference; lastKnownFileType = sourcecode.swift; path = HttpClient.swift; sourceTree = "<group>"; };
		FEB03DD92701959700015525 /* LoginRequest.swift */ = {isa = PBXFileReference; lastKnownFileType = sourcecode.swift; path = LoginRequest.swift; sourceTree = "<group>"; };
/* End PBXFileReference section */

/* Begin PBXFrameworksBuildPhase section */
		FE61908126CAA80D00B4D697 /* Frameworks */ = {
			isa = PBXFrameworksBuildPhase;
			buildActionMask = 2147483647;
			files = (
			);
			runOnlyForDeploymentPostprocessing = 0;
		};
		FE61909726CAA80E00B4D697 /* Frameworks */ = {
			isa = PBXFrameworksBuildPhase;
			buildActionMask = 2147483647;
			files = (
			);
			runOnlyForDeploymentPostprocessing = 0;
		};
		FE6190A226CAA80E00B4D697 /* Frameworks */ = {
			isa = PBXFrameworksBuildPhase;
			buildActionMask = 2147483647;
			files = (
			);
			runOnlyForDeploymentPostprocessing = 0;
		};
/* End PBXFrameworksBuildPhase section */

/* Begin PBXGroup section */
		FE61907B26CAA80C00B4D697 = {
			isa = PBXGroup;
			children = (
				FE61908626CAA80D00B4D697 /* Lama */,
				FE61909D26CAA80E00B4D697 /* LamaTests */,
				FE6190A826CAA80E00B4D697 /* LamaUITests */,
				FE61908526CAA80D00B4D697 /* Products */,
			);
			sourceTree = "<group>";
		};
		FE61908526CAA80D00B4D697 /* Products */ = {
			isa = PBXGroup;
			children = (
				FE61908426CAA80D00B4D697 /* Lama.app */,
				FE61909A26CAA80E00B4D697 /* LamaTests.xctest */,
				FE6190A526CAA80E00B4D697 /* LamaUITests.xctest */,
			);
			name = Products;
			sourceTree = "<group>";
		};
		FE61908626CAA80D00B4D697 /* Lama */ = {
			isa = PBXGroup;
			children = (
				FEB03DD42701913900015525 /* Networking */,
				FEB03DD1270190FE00015525 /* Login */,
				FE61908726CAA80D00B4D697 /* LamaApp.swift */,
				FE61908926CAA80D00B4D697 /* ContentView.swift */,
				FE61908B26CAA80E00B4D697 /* Assets.xcassets */,
				FE61909026CAA80E00B4D697 /* Persistence.swift */,
				FE61909526CAA80E00B4D697 /* Info.plist */,
				FE61909226CAA80E00B4D697 /* Lama.xcdatamodeld */,
				FE61908D26CAA80E00B4D697 /* Preview Content */,
			);
			path = Lama;
			sourceTree = "<group>";
		};
		FE61908D26CAA80E00B4D697 /* Preview Content */ = {
			isa = PBXGroup;
			children = (
				FE61908E26CAA80E00B4D697 /* Preview Assets.xcassets */,
			);
			path = "Preview Content";
			sourceTree = "<group>";
		};
		FE61909D26CAA80E00B4D697 /* LamaTests */ = {
			isa = PBXGroup;
			children = (
				FE61909E26CAA80E00B4D697 /* LamaTests.swift */,
				FE6190A026CAA80E00B4D697 /* Info.plist */,
			);
			path = LamaTests;
			sourceTree = "<group>";
		};
		FE6190A826CAA80E00B4D697 /* LamaUITests */ = {
			isa = PBXGroup;
			children = (
				FE6190A926CAA80E00B4D697 /* LamaUITests.swift */,
				FE6190AB26CAA80E00B4D697 /* Info.plist */,
			);
			path = LamaUITests;
			sourceTree = "<group>";
		};
		FEB03DD1270190FE00015525 /* Login */ = {
			isa = PBXGroup;
			children = (
				FEB03DD82701958200015525 /* domain */,
				FEB03DD72701957600015525 /* model */,
				FEB03DD22701911B00015525 /* LoginView.swift */,
			);
			path = Login;
			sourceTree = "<group>";
		};
		FEB03DD42701913900015525 /* Networking */ = {
			isa = PBXGroup;
			children = (
				FEB03DD52701915500015525 /* HttpClient.swift */,
			);
			path = Networking;
			sourceTree = "<group>";
		};
		FEB03DD72701957600015525 /* model */ = {
			isa = PBXGroup;
			children = (
			);
			path = model;
			sourceTree = "<group>";
		};
		FEB03DD82701958200015525 /* domain */ = {
			isa = PBXGroup;
			children = (
				FEB03DD92701959700015525 /* LoginRequest.swift */,
			);
			path = domain;
			sourceTree = "<group>";
		};
/* End PBXGroup section */

/* Begin PBXNativeTarget section */
		FE61908326CAA80D00B4D697 /* Lama */ = {
			isa = PBXNativeTarget;
			buildConfigurationList = FE6190AE26CAA80E00B4D697 /* Build configuration list for PBXNativeTarget "Lama" */;
			buildPhases = (
				FE61908026CAA80D00B4D697 /* Sources */,
				FE61908126CAA80D00B4D697 /* Frameworks */,
				FE61908226CAA80D00B4D697 /* Resources */,
			);
			buildRules = (
			);
			dependencies = (
			);
			name = Lama;
			productName = Lama;
			productReference = FE61908426CAA80D00B4D697 /* Lama.app */;
			productType = "com.apple.product-type.application";
		};
		FE61909926CAA80E00B4D697 /* LamaTests */ = {
			isa = PBXNativeTarget;
			buildConfigurationList = FE6190B126CAA80E00B4D697 /* Build configuration list for PBXNativeTarget "LamaTests" */;
			buildPhases = (
				FE61909626CAA80E00B4D697 /* Sources */,
				FE61909726CAA80E00B4D697 /* Frameworks */,
				FE61909826CAA80E00B4D697 /* Resources */,
			);
			buildRules = (
			);
			dependencies = (
				FE61909C26CAA80E00B4D697 /* PBXTargetDependency */,
			);
			name = LamaTests;
			productName = LamaTests;
			productReference = FE61909A26CAA80E00B4D697 /* LamaTests.xctest */;
			productType = "com.apple.product-type.bundle.unit-test";
		};
		FE6190A426CAA80E00B4D697 /* LamaUITests */ = {
			isa = PBXNativeTarget;
			buildConfigurationList = FE6190B426CAA80E00B4D697 /* Build configuration list for PBXNativeTarget "LamaUITests" */;
			buildPhases = (
				FE6190A126CAA80E00B4D697 /* Sources */,
				FE6190A226CAA80E00B4D697 /* Frameworks */,
				FE6190A326CAA80E00B4D697 /* Resources */,
			);
			buildRules = (
			);
			dependencies = (
				FE6190A726CAA80E00B4D697 /* PBXTargetDependency */,
			);
			name = LamaUITests;
			productName = LamaUITests;
			productReference = FE6190A526CAA80E00B4D697 /* LamaUITests.xctest */;
			productType = "com.apple.product-type.bundle.ui-testing";
		};
/* End PBXNativeTarget section */

/* Begin PBXProject section */
		FE61907C26CAA80C00B4D697 /* Project object */ = {
			isa = PBXProject;
			attributes = {
				LastSwiftUpdateCheck = 1250;
				LastUpgradeCheck = 1250;
				TargetAttributes = {
					FE61908326CAA80D00B4D697 = {
						CreatedOnToolsVersion = 12.5.1;
					};
					FE61909926CAA80E00B4D697 = {
						CreatedOnToolsVersion = 12.5.1;
						TestTargetID = FE61908326CAA80D00B4D697;
					};
					FE6190A426CAA80E00B4D697 = {
						CreatedOnToolsVersion = 12.5.1;
						TestTargetID = FE61908326CAA80D00B4D697;
					};
				};
			};
			buildConfigurationList = FE61907F26CAA80C00B4D697 /* Build configuration list for PBXProject "Lama" */;
			compatibilityVersion = "Xcode 9.3";
			developmentRegion = en;
			hasScannedForEncodings = 0;
			knownRegions = (
				en,
				Base,
			);
			mainGroup = FE61907B26CAA80C00B4D697;
			productRefGroup = FE61908526CAA80D00B4D697 /* Products */;
			projectDirPath = "";
			projectRoot = "";
			targets = (
				FE61908326CAA80D00B4D697 /* Lama */,
				FE61909926CAA80E00B4D697 /* LamaTests */,
				FE6190A426CAA80E00B4D697 /* LamaUITests */,
			);
		};
/* End PBXProject section */

/* Begin PBXResourcesBuildPhase section */
		FE61908226CAA80D00B4D697 /* Resources */ = {
			isa = PBXResourcesBuildPhase;
			buildActionMask = 2147483647;
			files = (
				FE61908F26CAA80E00B4D697 /* Preview Assets.xcassets in Resources */,
				FE61908C26CAA80E00B4D697 /* Assets.xcassets in Resources */,
			);
			runOnlyForDeploymentPostprocessing = 0;
		};
		FE61909826CAA80E00B4D697 /* Resources */ = {
			isa = PBXResourcesBuildPhase;
			buildActionMask = 2147483647;
			files = (
			);
			runOnlyForDeploymentPostprocessing = 0;
		};
		FE6190A326CAA80E00B4D697 /* Resources */ = {
			isa = PBXResourcesBuildPhase;
			buildActionMask = 2147483647;
			files = (
			);
			runOnlyForDeploymentPostprocessing = 0;
		};
/* End PBXResourcesBuildPhase section */

/* Begin PBXSourcesBuildPhase section */
		FE61908026CAA80D00B4D697 /* Sources */ = {
			isa = PBXSourcesBuildPhase;
			buildActionMask = 2147483647;
			files = (
				FE61909426CAA80E00B4D697 /* Lama.xcdatamodeld in Sources */,
				FE61909126CAA80E00B4D697 /* Persistence.swift in Sources */,
				FE61908A26CAA80D00B4D697 /* ContentView.swift in Sources */,
				FEB03DD32701911B00015525 /* LoginView.swift in Sources */,
				FEB03DD62701915500015525 /* HttpClient.swift in Sources */,
				FEB03DDA2701959700015525 /* LoginRequest.swift in Sources */,
				FE61908826CAA80D00B4D697 /* LamaApp.swift in Sources */,
			);
			runOnlyForDeploymentPostprocessing = 0;
		};
		FE61909626CAA80E00B4D697 /* Sources */ = {
			isa = PBXSourcesBuildPhase;
			buildActionMask = 2147483647;
			files = (
				FE61909F26CAA80E00B4D697 /* LamaTests.swift in Sources */,
			);
			runOnlyForDeploymentPostprocessing = 0;
		};
		FE6190A126CAA80E00B4D697 /* Sources */ = {
			isa = PBXSourcesBuildPhase;
			buildActionMask = 2147483647;
			files = (
				FE6190AA26CAA80E00B4D697 /* LamaUITests.swift in Sources */,
			);
			runOnlyForDeploymentPostprocessing = 0;
		};
/* End PBXSourcesBuildPhase section */

/* Begin PBXTargetDependency section */
		FE61909C26CAA80E00B4D697 /* PBXTargetDependency */ = {
			isa = PBXTargetDependency;
			target = FE61908326CAA80D00B4D697 /* Lama */;
			targetProxy = FE61909B26CAA80E00B4D697 /* PBXContainerItemProxy */;
		};
		FE6190A726CAA80E00B4D697 /* PBXTargetDependency */ = {
			isa = PBXTargetDependency;
			target = FE61908326CAA80D00B4D697 /* Lama */;
			targetProxy = FE6190A626CAA80E00B4D697 /* PBXContainerItemProxy */;
		};
/* End PBXTargetDependency section */

/* Begin XCBuildConfiguration section */
		FE6190AC26CAA80E00B4D697 /* Debug */ = {
			isa = XCBuildConfiguration;
			buildSettings = {
				ALWAYS_SEARCH_USER_PATHS = NO;
				CLANG_ANALYZER_NONNULL = YES;
				CLANG_ANALYZER_NUMBER_OBJECT_CONVERSION = YES_AGGRESSIVE;
				CLANG_CXX_LANGUAGE_STANDARD = "gnu++14";
				CLANG_CXX_LIBRARY = "libc++";
				CLANG_ENABLE_MODULES = YES;
				CLANG_ENABLE_OBJC_ARC = YES;
				CLANG_ENABLE_OBJC_WEAK = YES;
				CLANG_WARN_BLOCK_CAPTURE_AUTORELEASING = YES;
				CLANG_WARN_BOOL_CONVERSION = YES;
				CLANG_WARN_COMMA = YES;
				CLANG_WARN_CONSTANT_CONVERSION = YES;
				CLANG_WARN_DEPRECATED_OBJC_IMPLEMENTATIONS = YES;
				CLANG_WARN_DIRECT_OBJC_ISA_USAGE = YES_ERROR;
				CLANG_WARN_DOCUMENTATION_COMMENTS = YES;
				CLANG_WARN_EMPTY_BODY = YES;
				CLANG_WARN_ENUM_CONVERSION = YES;
				CLANG_WARN_INFINITE_RECURSION = YES;
				CLANG_WARN_INT_CONVERSION = YES;
				CLANG_WARN_NON_LITERAL_NULL_CONVERSION = YES;
				CLANG_WARN_OBJC_IMPLICIT_RETAIN_SELF = YES;
				CLANG_WARN_OBJC_LITERAL_CONVERSION = YES;
				CLANG_WARN_OBJC_ROOT_CLASS = YES_ERROR;
				CLANG_WARN_QUOTED_INCLUDE_IN_FRAMEWORK_HEADER = YES;
				CLANG_WARN_RANGE_LOOP_ANALYSIS = YES;
				CLANG_WARN_STRICT_PROTOTYPES = YES;
				CLANG_WARN_SUSPICIOUS_MOVE = YES;
				CLANG_WARN_UNGUARDED_AVAILABILITY = YES_AGGRESSIVE;
				CLANG_WARN_UNREACHABLE_CODE = YES;
				CLANG_WARN__DUPLICATE_METHOD_MATCH = YES;
				COPY_PHASE_STRIP = NO;
				DEBUG_INFORMATION_FORMAT = dwarf;
				ENABLE_STRICT_OBJC_MSGSEND = YES;
				ENABLE_TESTABILITY = YES;
				GCC_C_LANGUAGE_STANDARD = gnu11;
				GCC_DYNAMIC_NO_PIC = NO;
				GCC_NO_COMMON_BLOCKS = YES;
				GCC_OPTIMIZATION_LEVEL = 0;
				GCC_PREPROCESSOR_DEFINITIONS = (
					"DEBUG=1",
					"$(inherited)",
				);
				GCC_WARN_64_TO_32_BIT_CONVERSION = YES;
				GCC_WARN_ABOUT_RETURN_TYPE = YES_ERROR;
				GCC_WARN_UNDECLARED_SELECTOR = YES;
				GCC_WARN_UNINITIALIZED_AUTOS = YES_AGGRESSIVE;
				GCC_WARN_UNUSED_FUNCTION = YES;
				GCC_WARN_UNUSED_VARIABLE = YES;
				IPHONEOS_DEPLOYMENT_TARGET = 14.5;
				MTL_ENABLE_DEBUG_INFO = INCLUDE_SOURCE;
				MTL_FAST_MATH = YES;
				ONLY_ACTIVE_ARCH = YES;
				SDKROOT = iphoneos;
				SWIFT_ACTIVE_COMPILATION_CONDITIONS = DEBUG;
				SWIFT_OPTIMIZATION_LEVEL = "-Onone";
			};
			name = Debug;
		};
		FE6190AD26CAA80E00B4D697 /* Release */ = {
			isa = XCBuildConfiguration;
			buildSettings = {
				ALWAYS_SEARCH_USER_PATHS = NO;
				CLANG_ANALYZER_NONNULL = YES;
				CLANG_ANALYZER_NUMBER_OBJECT_CONVERSION = YES_AGGRESSIVE;
				CLANG_CXX_LANGUAGE_STANDARD = "gnu++14";
				CLANG_CXX_LIBRARY = "libc++";
				CLANG_ENABLE_MODULES = YES;
				CLANG_ENABLE_OBJC_ARC = YES;
				CLANG_ENABLE_OBJC_WEAK = YES;
				CLANG_WARN_BLOCK_CAPTURE_AUTORELEASING = YES;
				CLANG_WARN_BOOL_CONVERSION = YES;
				CLANG_WARN_COMMA = YES;
				CLANG_WARN_CONSTANT_CONVERSION = YES;
				CLANG_WARN_DEPRECATED_OBJC_IMPLEMENTATIONS = YES;
				CLANG_WARN_DIRECT_OBJC_ISA_USAGE = YES_ERROR;
				CLANG_WARN_DOCUMENTATION_COMMENTS = YES;
				CLANG_WARN_EMPTY_BODY = YES;
				CLANG_WARN_ENUM_CONVERSION = YES;
				CLANG_WARN_INFINITE_RECURSION = YES;
				CLANG_WARN_INT_CONVERSION = YES;
				CLANG_WARN_NON_LITERAL_NULL_CONVERSION = YES;
				CLANG_WARN_OBJC_IMPLICIT_RETAIN_SELF = YES;
				CLANG_WARN_OBJC_LITERAL_CONVERSION = YES;
				CLANG_WARN_OBJC_ROOT_CLASS = YES_ERROR;
				CLANG_WARN_QUOTED_INCLUDE_IN_FRAMEWORK_HEADER = YES;
				CLANG_WARN_RANGE_LOOP_ANALYSIS = YES;
				CLANG_WARN_STRICT_PROTOTYPES = YES;
				CLANG_WARN_SUSPICIOUS_MOVE = YES;
				CLANG_WARN_UNGUARDED_AVAILABILITY = YES_AGGRESSIVE;
				CLANG_WARN_UNREACHABLE_CODE = YES;
				CLANG_WARN__DUPLICATE_METHOD_MATCH = YES;
				COPY_PHASE_STRIP = NO;
				DEBUG_INFORMATION_FORMAT = "dwarf-with-dsym";
				ENABLE_NS_ASSERTIONS = NO;
				ENABLE_STRICT_OBJC_MSGSEND = YES;
				GCC_C_LANGUAGE_STANDARD = gnu11;
				GCC_NO_COMMON_BLOCKS = YES;
				GCC_WARN_64_TO_32_BIT_CONVERSION = YES;
				GCC_WARN_ABOUT_RETURN_TYPE = YES_ERROR;
				GCC_WARN_UNDECLARED_SELECTOR = YES;
				GCC_WARN_UNINITIALIZED_AUTOS = YES_AGGRESSIVE;
				GCC_WARN_UNUSED_FUNCTION = YES;
				GCC_WARN_UNUSED_VARIABLE = YES;
				IPHONEOS_DEPLOYMENT_TARGET = 14.5;
				MTL_ENABLE_DEBUG_INFO = NO;
				MTL_FAST_MATH = YES;
				SDKROOT = iphoneos;
				SWIFT_COMPILATION_MODE = wholemodule;
				SWIFT_OPTIMIZATION_LEVEL = "-O";
				VALIDATE_PRODUCT = YES;
			};
			name = Release;
		};
		FE6190AF26CAA80E00B4D697 /* Debug */ = {
			isa = XCBuildConfiguration;
			buildSettings = {
				ASSETCATALOG_COMPILER_APPICON_NAME = AppIcon;
				ASSETCATALOG_COMPILER_GLOBAL_ACCENT_COLOR_NAME = AccentColor;
				CODE_SIGN_STYLE = Automatic;
				DEVELOPMENT_ASSET_PATHS = "\"Lama/Preview Content\"";
				DEVELOPMENT_TEAM = 9V4YCUYKQL;
				ENABLE_PREVIEWS = YES;
				INFOPLIST_FILE = Lama/Info.plist;
				IPHONEOS_DEPLOYMENT_TARGET = 14.0;
				LD_RUNPATH_SEARCH_PATHS = (
					"$(inherited)",
					"@executable_path/Frameworks",
				);
				PRODUCT_BUNDLE_IDENTIFIER = me.mauricee.Lama;
				PRODUCT_NAME = "$(TARGET_NAME)";
				SWIFT_VERSION = 5.0;
				TARGETED_DEVICE_FAMILY = "1,2";
			};
			name = Debug;
		};
		FE6190B026CAA80E00B4D697 /* Release */ = {
			isa = XCBuildConfiguration;
			buildSettings = {
				ASSETCATALOG_COMPILER_APPICON_NAME = AppIcon;
				ASSETCATALOG_COMPILER_GLOBAL_ACCENT_COLOR_NAME = AccentColor;
				CODE_SIGN_STYLE = Automatic;
				DEVELOPMENT_ASSET_PATHS = "\"Lama/Preview Content\"";
				DEVELOPMENT_TEAM = 9V4YCUYKQL;
				ENABLE_PREVIEWS = YES;
				INFOPLIST_FILE = Lama/Info.plist;
				IPHONEOS_DEPLOYMENT_TARGET = 14.0;
				LD_RUNPATH_SEARCH_PATHS = (
					"$(inherited)",
					"@executable_path/Frameworks",
				);
				PRODUCT_BUNDLE_IDENTIFIER = me.mauricee.Lama;
				PRODUCT_NAME = "$(TARGET_NAME)";
				SWIFT_VERSION = 5.0;
				TARGETED_DEVICE_FAMILY = "1,2";
			};
			name = Release;
		};
		FE6190B226CAA80E00B4D697 /* Debug */ = {
			isa = XCBuildConfiguration;
			buildSettings = {
				ALWAYS_EMBED_SWIFT_STANDARD_LIBRARIES = YES;
				BUNDLE_LOADER = "$(TEST_HOST)";
				CODE_SIGN_STYLE = Automatic;
				DEVELOPMENT_TEAM = 9V4YCUYKQL;
				INFOPLIST_FILE = LamaTests/Info.plist;
				IPHONEOS_DEPLOYMENT_TARGET = 14.0;
				LD_RUNPATH_SEARCH_PATHS = (
					"$(inherited)",
					"@executable_path/Frameworks",
					"@loader_path/Frameworks",
				);
				PRODUCT_BUNDLE_IDENTIFIER = me.mauricee.LamaTests;
				PRODUCT_NAME = "$(TARGET_NAME)";
				SWIFT_VERSION = 5.0;
				TARGETED_DEVICE_FAMILY = "1,2";
				TEST_HOST = "$(BUILT_PRODUCTS_DIR)/Lama.app/Lama";
			};
			name = Debug;
		};
		FE6190B326CAA80E00B4D697 /* Release */ = {
			isa = XCBuildConfiguration;
			buildSettings = {
				ALWAYS_EMBED_SWIFT_STANDARD_LIBRARIES = YES;
				BUNDLE_LOADER = "$(TEST_HOST)";
				CODE_SIGN_STYLE = Automatic;
				DEVELOPMENT_TEAM = 9V4YCUYKQL;
				INFOPLIST_FILE = LamaTests/Info.plist;
				IPHONEOS_DEPLOYMENT_TARGET = 14.0;
				LD_RUNPATH_SEARCH_PATHS = (
					"$(inherited)",
					"@executable_path/Frameworks",
					"@loader_path/Frameworks",
				);
				PRODUCT_BUNDLE_IDENTIFIER = me.mauricee.LamaTests;
				PRODUCT_NAME = "$(TARGET_NAME)";
				SWIFT_VERSION = 5.0;
				TARGETED_DEVICE_FAMILY = "1,2";
				TEST_HOST = "$(BUILT_PRODUCTS_DIR)/Lama.app/Lama";
			};
			name = Release;
		};
		FE6190B526CAA80E00B4D697 /* Debug */ = {
			isa = XCBuildConfiguration;
			buildSettings = {
				ALWAYS_EMBED_SWIFT_STANDARD_LIBRARIES = YES;
				CODE_SIGN_STYLE = Automatic;
				DEVELOPMENT_TEAM = 9V4YCUYKQL;
				INFOPLIST_FILE = LamaUITests/Info.plist;
				LD_RUNPATH_SEARCH_PATHS = (
					"$(inherited)",
					"@executable_path/Frameworks",
					"@loader_path/Frameworks",
				);
				PRODUCT_BUNDLE_IDENTIFIER = me.mauricee.LamaUITests;
				PRODUCT_NAME = "$(TARGET_NAME)";
				SWIFT_VERSION = 5.0;
				TARGETED_DEVICE_FAMILY = "1,2";
				TEST_TARGET_NAME = Lama;
			};
			name = Debug;
		};
		FE6190B626CAA80E00B4D697 /* Release */ = {
			isa = XCBuildConfiguration;
			buildSettings = {
				ALWAYS_EMBED_SWIFT_STANDARD_LIBRARIES = YES;
				CODE_SIGN_STYLE = Automatic;
				DEVELOPMENT_TEAM = 9V4YCUYKQL;
				INFOPLIST_FILE = LamaUITests/Info.plist;
				LD_RUNPATH_SEARCH_PATHS = (
					"$(inherited)",
					"@executable_path/Frameworks",
					"@loader_path/Frameworks",
				);
				PRODUCT_BUNDLE_IDENTIFIER = me.mauricee.LamaUITests;
				PRODUCT_NAME = "$(TARGET_NAME)";
				SWIFT_VERSION = 5.0;
				TARGETED_DEVICE_FAMILY = "1,2";
				TEST_TARGET_NAME = Lama;
			};
			name = Release;
		};
/* End XCBuildConfiguration section */

/* Begin XCConfigurationList section */
		FE61907F26CAA80C00B4D697 /* Build configuration list for PBXProject "Lama" */ = {
			isa = XCConfigurationList;
			buildConfigurations = (
				FE6190AC26CAA80E00B4D697 /* Debug */,
				FE6190AD26CAA80E00B4D697 /* Release */,
			);
			defaultConfigurationIsVisible = 0;
			defaultConfigurationName = Release;
		};
		FE6190AE26CAA80E00B4D697 /* Build configuration list for PBXNativeTarget "Lama" */ = {
			isa = XCConfigurationList;
			buildConfigurations = (
				FE6190AF26CAA80E00B4D697 /* Debug */,
				FE6190B026CAA80E00B4D697 /* Release */,
			);
			defaultConfigurationIsVisible = 0;
			defaultConfigurationName = Release;
		};
		FE6190B126CAA80E00B4D697 /* Build configuration list for PBXNativeTarget "LamaTests" */ = {
			isa = XCConfigurationList;
			buildConfigurations = (
				FE6190B226CAA80E00B4D697 /* Debug */,
				FE6190B326CAA80E00B4D697 /* Release */,
			);
			defaultConfigurationIsVisible = 0;
			defaultConfigurationName = Release;
		};
		FE6190B426CAA80E00B4D697 /* Build configuration list for PBXNativeTarget "LamaUITests" */ = {
			isa = XCConfigurationList;
			buildConfigurations = (
				FE6190B526CAA80E00B4D697 /* Debug */,
				FE6190B626CAA80E00B4D697 /* Release */,
			);
			defaultConfigurationIsVisible = 0;
			defaultConfigurationName = Release;
		};
/* End XCConfigurationList section */

/* Begin XCVersionGroup section */
		FE61909226CAA80E00B4D697 /* Lama.xcdatamodeld */ = {
			isa = XCVersionGroup;
			children = (
				FE61909326CAA80E00B4D697 /* Lama.xcdatamodel */,
			);
			currentVersion = FE61909326CAA80E00B4D697 /* Lama.xcdatamodel */;
			path = Lama.xcdatamodeld;
			sourceTree = "<group>";
			versionGroupType = wrapper.xcdatamodel;
		};
/* End XCVersionGroup section */
	};
	rootObject = FE61907C26CAA80C00B4D697 /* Project object */;
}
